
Microsoft Visual Studio Solution File, Format Version 12.00
# Visual Studio Version 17
VisualStudioVersion = 17.4.33213.308
MinimumVisualStudioVersion = 10.0.40219.1
Project("{9A19103F-16F7-4668-BE54-9A1E7A4F7556}") = "LoaSelfi", "LoaSelfi\LoaSelfi.csproj", "{15F26A15-A9FE-4478-96C9-B09AB9D965DD}"
EndProject
Project("{9A19103F-16F7-4668-BE54-9A1E7A4F7556}") = "LoaSelfi.Service", "LoaSelfi.Finder\LoaSelfi.Service.csproj", "{BBBA13F6-2E83-415A-B12C-368DEEE283DD}"
EndProject
Project("{9A19103F-16F7-4668-BE54-9A1E7A4F7556}") = "LoaSelfi.Test", "LoaSelfi.Test\LoaSelfi.Test.csproj", "{A24B8773-917D-4820-8600-1B33E1B36AC1}"
EndProject
Project("{9A19103F-16F7-4668-BE54-9A1E7A4F7556}") = "LoaSelfi.ViewModel", "LoaSelfi.ViewModel\LoaSelfi.ViewModel.csproj", "{4A9FB664-0220-4473-95D4-22DAB5A90339}"
EndProject
Project("{FAE04EC0-301F-11D3-BF4B-00C04F79EFBC}") = "LoaSelfi.Model", "LoaSelfi.Model\LoaSelfi.Model.csproj", "{53535C74-93B0-4F88-B047-D9643A1943B5}"
EndProject
Project("{FAE04EC0-301F-11D3-BF4B-00C04F79EFBC}") = "LoaSelfi.Define", "LoaSelfi.Define\LoaSelfi.Define.csproj", "{C85000B6-D2C5-4E32-8D19-A54A947C2A4F}"
EndProject
Global
	GlobalSection(SolutionConfigurationPlatforms) = preSolution
		Debug|Any CPU = Debug|Any CPU
		Release|Any CPU = Release|Any CPU
	EndGlobalSection
	GlobalSection(ProjectConfigurationPlatforms) = postSolution
		{15F26A15-A9FE-4478-96C9-B09AB9D965DD}.Debug|Any CPU.ActiveCfg = Debug|Any CPU
		{15F26A15-A9FE-4478-96C9-B09AB9D965DD}.Debug|Any CPU.Build.0 = Debug|Any CPU
		{15F26A15-A9FE-4478-96C9-B09AB9D965DD}.Release|Any CPU.ActiveCfg = Release|Any CPU
		{15F26A15-A9FE-4478-96C9-B09AB9D965DD}.Release|Any CPU.Build.0 = Release|Any CPU
		{BBBA13F6-2E83-415A-B12C-368DEEE283DD}.Debug|Any CPU.ActiveCfg = Debug|Any CPU
		{BBBA13F6-2E83-415A-B12C-368DEEE283DD}.Debug|Any CPU.Build.0 = Debug|Any CPU
		{BBBA13F6-2E83-415A-B12C-368DEEE283DD}.Release|Any CPU.ActiveCfg = Release|Any CPU
		{BBBA13F6-2E83-415A-B12C-368DEEE283DD}.Release|Any CPU.Build.0 = Release|Any CPU
		{A24B8773-917D-4820-8600-1B33E1B36AC1}.Debug|Any CPU.ActiveCfg = Debug|Any CPU
		{A24B8773-917D-4820-8600-1B33E1B36AC1}.Debug|Any CPU.Build.0 = Debug|Any CPU
		{A24B8773-917D-4820-8600-1B33E1B36AC1}.Release|Any CPU.ActiveCfg = Release|Any CPU
		{A24B8773-917D-4820-8600-1B33E1B36AC1}.Release|Any CPU.Build.0 = Release|Any CPU
		{4A9FB664-0220-4473-95D4-22DAB5A90339}.Debug|Any CPU.ActiveCfg = Debug|Any CPU
		{4A9FB664-0220-4473-95D4-22DAB5A90339}.Debug|Any CPU.Build.0 = Debug|Any CPU
		{4A9FB664-0220-4473-95D4-22DAB5A90339}.Release|Any CPU.ActiveCfg = Release|Any CPU
		{4A9FB664-0220-4473-95D4-22DAB5A90339}.Release|Any CPU.Build.0 = Release|Any CPU
		{53535C74-93B0-4F88-B047-D9643A1943B5}.Debug|Any CPU.ActiveCfg = Debug|Any CPU
		{53535C74-93B0-4F88-B047-D9643A1943B5}.Debug|Any CPU.Build.0 = Debug|Any CPU
		{53535C74-93B0-4F88-B047-D9643A1943B5}.Release|Any CPU.ActiveCfg = Release|Any CPU
		{53535C74-93B0-4F88-B047-D9643A1943B5}.Release|Any CPU.Build.0 = Release|Any CPU
		{C85000B6-D2C5-4E32-8D19-A54A947C2A4F}.Debug|Any CPU.ActiveCfg = Debug|Any CPU
		{C85000B6-D2C5-4E32-8D19-A54A947C2A4F}.Debug|Any CPU.Build.0 = Debug|Any CPU
		{C85000B6-D2C5-4E32-8D19-A54A947C2A4F}.Release|Any CPU.ActiveCfg = Release|Any CPU
		{C85000B6-D2C5-4E32-8D19-A54A947C2A4F}.Release|Any CPU.Build.0 = Release|Any CPU
	EndGlobalSection
	GlobalSection(SolutionProperties) = preSolution
		HideSolutionNode = FALSE
	EndGlobalSection
	GlobalSection(ExtensibilityGlobals) = postSolution
		SolutionGuid = {21B9D253-1657-457F-B29A-FD9E15183F90}
	EndGlobalSection
EndGlobal
